
Microsoft Visual Studio Solution File, Format Version 12.00
Project("{FAE04EC0-301F-11D3-BF4B-00C04F79EFBC}") = "GraphDependency", "GraphDependency\GraphDependency.csproj", "{D043E706-17A7-4EBE-847A-67145C05DA8A}"
EndProject
Project("{FAE04EC0-301F-11D3-BF4B-00C04F79EFBC}") = "Tests", "Tests\Tests.csproj", "{793316BC-AF43-4A16-B144-474A12CA77B6}"
EndProject
Global
	GlobalSection(SolutionConfigurationPlatforms) = preSolution
		Debug|Any CPU = Debug|Any CPU
		Release|Any CPU = Release|Any CPU
	EndGlobalSection
	GlobalSection(ProjectConfigurationPlatforms) = postSolution
		{D043E706-17A7-4EBE-847A-67145C05DA8A}.Debug|Any CPU.ActiveCfg = Debug|Any CPU
		{D043E706-17A7-4EBE-847A-67145C05DA8A}.Debug|Any CPU.Build.0 = Debug|Any CPU
		{D043E706-17A7-4EBE-847A-67145C05DA8A}.Release|Any CPU.ActiveCfg = Release|Any CPU
		{D043E706-17A7-4EBE-847A-67145C05DA8A}.Release|Any CPU.Build.0 = Release|Any CPU
		{793316BC-AF43-4A16-B144-474A12CA77B6}.Debug|Any CPU.ActiveCfg = Debug|Any CPU
		{793316BC-AF43-4A16-B144-474A12CA77B6}.Debug|Any CPU.Build.0 = Debug|Any CPU
		{793316BC-AF43-4A16-B144-474A12CA77B6}.Release|Any CPU.ActiveCfg = Release|Any CPU
		{793316BC-AF43-4A16-B144-474A12CA77B6}.Release|Any CPU.Build.0 = Release|Any CPU
	EndGlobalSection
EndGlobal
